
Microsoft Visual Studio Solution File, Format Version 12.00
# Visual Studio Version 17
VisualStudioVersion = 17.13.35818.85
MinimumVisualStudioVersion = 10.0.40219.1
Project("{FAE04EC0-301F-11D3-BF4B-00C04F79EFBC}") = "API.AppHost", "API\API.AppHost\API.AppHost.csproj", "{56AA495C-6BD4-48A4-BF96-EA18D61F0D4C}"
EndProject
Project("{FAE04EC0-301F-11D3-BF4B-00C04F79EFBC}") = "API.ServiceDefaults", "API\API.ServiceDefaults\API.ServiceDefaults.csproj", "{5D5DD17F-294A-1DC2-9097-5A4FB65BD51E}"
EndProject
Project("{FAE04EC0-301F-11D3-BF4B-00C04F79EFBC}") = "API.ApiService", "API\API.ApiService\API.ApiService.csproj", "{8C09054C-216F-A903-4ED8-C6243C47CFF9}"
EndProject
Project("{FAE04EC0-301F-11D3-BF4B-00C04F79EFBC}") = "API.Web", "API\API.Web\API.Web.csproj", "{39294BEC-3089-BE27-34AA-0E34C97F6D4E}"
EndProject
Project("{FAE04EC0-301F-11D3-BF4B-00C04F79EFBC}") = "API.Tests", "API\API.Tests\API.Tests.csproj", "{ADAC3460-E6B9-A399-C84D-BD5B800237EA}"
EndProject
Project("{2150E333-8FDC-42A3-9474-1A3956D46DE8}") = "API", "API", "{D82C56D6-B2CD-F611-9E31-04638F7EC30E}"
EndProject
Project("{FAE04EC0-301F-11D3-BF4B-00C04F79EFBC}") = "API.Domain", "API\API.Domain\API.Domain.csproj", "{86D841F5-3F3A-440C-A614-C3807BC34160}"
EndProject
Project("{FAE04EC0-301F-11D3-BF4B-00C04F79EFBC}") = "API.Application", "API\API.Application\API.Application.csproj", "{FFFC3895-F164-4EDB-ABB4-FF59F2B5B6A1}"
EndProject
Project("{FAE04EC0-301F-11D3-BF4B-00C04F79EFBC}") = "API.Infrastructure", "API\API.Infrastructure\API.Infrastructure.csproj", "{DB36E84B-93D7-49FB-9CE8-9A062065F333}"
EndProject
Global
	GlobalSection(SolutionConfigurationPlatforms) = preSolution
		Debug|Any CPU = Debug|Any CPU
		Debug|x64 = Debug|x64
		Debug|x86 = Debug|x86
		Release|Any CPU = Release|Any CPU
		Release|x64 = Release|x64
		Release|x86 = Release|x86
	EndGlobalSection
	GlobalSection(ProjectConfigurationPlatforms) = postSolution
		{56AA495C-6BD4-48A4-BF96-EA18D61F0D4C}.Debug|Any CPU.ActiveCfg = Debug|Any CPU
		{56AA495C-6BD4-48A4-BF96-EA18D61F0D4C}.Debug|Any CPU.Build.0 = Debug|Any CPU
		{56AA495C-6BD4-48A4-BF96-EA18D61F0D4C}.Debug|x64.ActiveCfg = Debug|Any CPU
		{56AA495C-6BD4-48A4-BF96-EA18D61F0D4C}.Debug|x64.Build.0 = Debug|Any CPU
		{56AA495C-6BD4-48A4-BF96-EA18D61F0D4C}.Debug|x86.ActiveCfg = Debug|Any CPU
		{56AA495C-6BD4-48A4-BF96-EA18D61F0D4C}.Debug|x86.Build.0 = Debug|Any CPU
		{56AA495C-6BD4-48A4-BF96-EA18D61F0D4C}.Release|Any CPU.ActiveCfg = Release|Any CPU
		{56AA495C-6BD4-48A4-BF96-EA18D61F0D4C}.Release|Any CPU.Build.0 = Release|Any CPU
		{56AA495C-6BD4-48A4-BF96-EA18D61F0D4C}.Release|x64.ActiveCfg = Release|Any CPU
		{56AA495C-6BD4-48A4-BF96-EA18D61F0D4C}.Release|x64.Build.0 = Release|Any CPU
		{56AA495C-6BD4-48A4-BF96-EA18D61F0D4C}.Release|x86.ActiveCfg = Release|Any CPU
		{56AA495C-6BD4-48A4-BF96-EA18D61F0D4C}.Release|x86.Build.0 = Release|Any CPU
		{5D5DD17F-294A-1DC2-9097-5A4FB65BD51E}.Debug|Any CPU.ActiveCfg = Debug|Any CPU
		{5D5DD17F-294A-1DC2-9097-5A4FB65BD51E}.Debug|Any CPU.Build.0 = Debug|Any CPU
		{5D5DD17F-294A-1DC2-9097-5A4FB65BD51E}.Debug|x64.ActiveCfg = Debug|Any CPU
		{5D5DD17F-294A-1DC2-9097-5A4FB65BD51E}.Debug|x64.Build.0 = Debug|Any CPU
		{5D5DD17F-294A-1DC2-9097-5A4FB65BD51E}.Debug|x86.ActiveCfg = Debug|Any CPU
		{5D5DD17F-294A-1DC2-9097-5A4FB65BD51E}.Debug|x86.Build.0 = Debug|Any CPU
		{5D5DD17F-294A-1DC2-9097-5A4FB65BD51E}.Release|Any CPU.ActiveCfg = Release|Any CPU
		{5D5DD17F-294A-1DC2-9097-5A4FB65BD51E}.Release|Any CPU.Build.0 = Release|Any CPU
		{5D5DD17F-294A-1DC2-9097-5A4FB65BD51E}.Release|x64.ActiveCfg = Release|Any CPU
		{5D5DD17F-294A-1DC2-9097-5A4FB65BD51E}.Release|x64.Build.0 = Release|Any CPU
		{5D5DD17F-294A-1DC2-9097-5A4FB65BD51E}.Release|x86.ActiveCfg = Release|Any CPU
		{5D5DD17F-294A-1DC2-9097-5A4FB65BD51E}.Release|x86.Build.0 = Release|Any CPU
		{8C09054C-216F-A903-4ED8-C6243C47CFF9}.Debug|Any CPU.ActiveCfg = Debug|Any CPU
		{8C09054C-216F-A903-4ED8-C6243C47CFF9}.Debug|Any CPU.Build.0 = Debug|Any CPU
		{8C09054C-216F-A903-4ED8-C6243C47CFF9}.Debug|x64.ActiveCfg = Debug|Any CPU
		{8C09054C-216F-A903-4ED8-C6243C47CFF9}.Debug|x64.Build.0 = Debug|Any CPU
		{8C09054C-216F-A903-4ED8-C6243C47CFF9}.Debug|x86.ActiveCfg = Debug|Any CPU
		{8C09054C-216F-A903-4ED8-C6243C47CFF9}.Debug|x86.Build.0 = Debug|Any CPU
		{8C09054C-216F-A903-4ED8-C6243C47CFF9}.Release|Any CPU.ActiveCfg = Release|Any CPU
		{8C09054C-216F-A903-4ED8-C6243C47CFF9}.Release|Any CPU.Build.0 = Release|Any CPU
		{8C09054C-216F-A903-4ED8-C6243C47CFF9}.Release|x64.ActiveCfg = Release|Any CPU
		{8C09054C-216F-A903-4ED8-C6243C47CFF9}.Release|x64.Build.0 = Release|Any CPU
		{8C09054C-216F-A903-4ED8-C6243C47CFF9}.Release|x86.ActiveCfg = Release|Any CPU
		{8C09054C-216F-A903-4ED8-C6243C47CFF9}.Release|x86.Build.0 = Release|Any CPU
		{39294BEC-3089-BE27-34AA-0E34C97F6D4E}.Debug|Any CPU.ActiveCfg = Debug|Any CPU
		{39294BEC-3089-BE27-34AA-0E34C97F6D4E}.Debug|Any CPU.Build.0 = Debug|Any CPU
		{39294BEC-3089-BE27-34AA-0E34C97F6D4E}.Debug|x64.ActiveCfg = Debug|Any CPU
		{39294BEC-3089-BE27-34AA-0E34C97F6D4E}.Debug|x64.Build.0 = Debug|Any CPU
		{39294BEC-3089-BE27-34AA-0E34C97F6D4E}.Debug|x86.ActiveCfg = Debug|Any CPU
		{39294BEC-3089-BE27-34AA-0E34C97F6D4E}.Debug|x86.Build.0 = Debug|Any CPU
		{39294BEC-3089-BE27-34AA-0E34C97F6D4E}.Release|Any CPU.ActiveCfg = Release|Any CPU
		{39294BEC-3089-BE27-34AA-0E34C97F6D4E}.Release|Any CPU.Build.0 = Release|Any CPU
		{39294BEC-3089-BE27-34AA-0E34C97F6D4E}.Release|x64.ActiveCfg = Release|Any CPU
		{39294BEC-3089-BE27-34AA-0E34C97F6D4E}.Release|x64.Build.0 = Release|Any CPU
		{39294BEC-3089-BE27-34AA-0E34C97F6D4E}.Release|x86.ActiveCfg = Release|Any CPU
		{39294BEC-3089-BE27-34AA-0E34C97F6D4E}.Release|x86.Build.0 = Release|Any CPU
		{ADAC3460-E6B9-A399-C84D-BD5B800237EA}.Debug|Any CPU.ActiveCfg = Debug|Any CPU
		{ADAC3460-E6B9-A399-C84D-BD5B800237EA}.Debug|Any CPU.Build.0 = Debug|Any CPU
		{ADAC3460-E6B9-A399-C84D-BD5B800237EA}.Debug|x64.ActiveCfg = Debug|Any CPU
		{ADAC3460-E6B9-A399-C84D-BD5B800237EA}.Debug|x64.Build.0 = Debug|Any CPU
		{ADAC3460-E6B9-A399-C84D-BD5B800237EA}.Debug|x86.ActiveCfg = Debug|Any CPU
		{ADAC3460-E6B9-A399-C84D-BD5B800237EA}.Debug|x86.Build.0 = Debug|Any CPU
		{ADAC3460-E6B9-A399-C84D-BD5B800237EA}.Release|Any CPU.ActiveCfg = Release|Any CPU
		{ADAC3460-E6B9-A399-C84D-BD5B800237EA}.Release|Any CPU.Build.0 = Release|Any CPU
		{ADAC3460-E6B9-A399-C84D-BD5B800237EA}.Release|x64.ActiveCfg = Release|Any CPU
		{ADAC3460-E6B9-A399-C84D-BD5B800237EA}.Release|x64.Build.0 = Release|Any CPU
		{ADAC3460-E6B9-A399-C84D-BD5B800237EA}.Release|x86.ActiveCfg = Release|Any CPU
		{ADAC3460-E6B9-A399-C84D-BD5B800237EA}.Release|x86.Build.0 = Release|Any CPU
		{86D841F5-3F3A-440C-A614-C3807BC34160}.Debug|Any CPU.ActiveCfg = Debug|Any CPU
		{86D841F5-3F3A-440C-A614-C3807BC34160}.Debug|Any CPU.Build.0 = Debug|Any CPU
		{86D841F5-3F3A-440C-A614-C3807BC34160}.Debug|x64.ActiveCfg = Debug|Any CPU
		{86D841F5-3F3A-440C-A614-C3807BC34160}.Debug|x64.Build.0 = Debug|Any CPU
		{86D841F5-3F3A-440C-A614-C3807BC34160}.Debug|x86.ActiveCfg = Debug|Any CPU
		{86D841F5-3F3A-440C-A614-C3807BC34160}.Debug|x86.Build.0 = Debug|Any CPU
		{86D841F5-3F3A-440C-A614-C3807BC34160}.Release|Any CPU.ActiveCfg = Release|Any CPU
		{86D841F5-3F3A-440C-A614-C3807BC34160}.Release|Any CPU.Build.0 = Release|Any CPU
		{86D841F5-3F3A-440C-A614-C3807BC34160}.Release|x64.ActiveCfg = Release|Any CPU
		{86D841F5-3F3A-440C-A614-C3807BC34160}.Release|x64.Build.0 = Release|Any CPU
		{86D841F5-3F3A-440C-A614-C3807BC34160}.Release|x86.ActiveCfg = Release|Any CPU
		{86D841F5-3F3A-440C-A614-C3807BC34160}.Release|x86.Build.0 = Release|Any CPU
		{FFFC3895-F164-4EDB-ABB4-FF59F2B5B6A1}.Debug|Any CPU.ActiveCfg = Debug|Any CPU
		{FFFC3895-F164-4EDB-ABB4-FF59F2B5B6A1}.Debug|Any CPU.Build.0 = Debug|Any CPU
		{FFFC3895-F164-4EDB-ABB4-FF59F2B5B6A1}.Debug|x64.ActiveCfg = Debug|Any CPU
		{FFFC3895-F164-4EDB-ABB4-FF59F2B5B6A1}.Debug|x64.Build.0 = Debug|Any CPU
		{FFFC3895-F164-4EDB-ABB4-FF59F2B5B6A1}.Debug|x86.ActiveCfg = Debug|Any CPU
		{FFFC3895-F164-4EDB-ABB4-FF59F2B5B6A1}.Debug|x86.Build.0 = Debug|Any CPU
		{FFFC3895-F164-4EDB-ABB4-FF59F2B5B6A1}.Release|Any CPU.ActiveCfg = Release|Any CPU
		{FFFC3895-F164-4EDB-ABB4-FF59F2B5B6A1}.Release|Any CPU.Build.0 = Release|Any CPU
		{FFFC3895-F164-4EDB-ABB4-FF59F2B5B6A1}.Release|x64.ActiveCfg = Release|Any CPU
		{FFFC3895-F164-4EDB-ABB4-FF59F2B5B6A1}.Release|x64.Build.0 = Release|Any CPU
		{FFFC3895-F164-4EDB-ABB4-FF59F2B5B6A1}.Release|x86.ActiveCfg = Release|Any CPU
		{FFFC3895-F164-4EDB-ABB4-FF59F2B5B6A1}.Release|x86.Build.0 = Release|Any CPU
		{DB36E84B-93D7-49FB-9CE8-9A062065F333}.Debug|Any CPU.ActiveCfg = Debug|Any CPU
		{DB36E84B-93D7-49FB-9CE8-9A062065F333}.Debug|Any CPU.Build.0 = Debug|Any CPU
		{DB36E84B-93D7-49FB-9CE8-9A062065F333}.Debug|x64.ActiveCfg = Debug|Any CPU
		{DB36E84B-93D7-49FB-9CE8-9A062065F333}.Debug|x64.Build.0 = Debug|Any CPU
		{DB36E84B-93D7-49FB-9CE8-9A062065F333}.Debug|x86.ActiveCfg = Debug|Any CPU
		{DB36E84B-93D7-49FB-9CE8-9A062065F333}.Debug|x86.Build.0 = Debug|Any CPU
		{DB36E84B-93D7-49FB-9CE8-9A062065F333}.Release|Any CPU.ActiveCfg = Release|Any CPU
		{DB36E84B-93D7-49FB-9CE8-9A062065F333}.Release|Any CPU.Build.0 = Release|Any CPU
		{DB36E84B-93D7-49FB-9CE8-9A062065F333}.Release|x64.ActiveCfg = Release|Any CPU
		{DB36E84B-93D7-49FB-9CE8-9A062065F333}.Release|x64.Build.0 = Release|Any CPU
		{DB36E84B-93D7-49FB-9CE8-9A062065F333}.Release|x86.ActiveCfg = Release|Any CPU
		{DB36E84B-93D7-49FB-9CE8-9A062065F333}.Release|x86.Build.0 = Release|Any CPU
	EndGlobalSection
	GlobalSection(SolutionProperties) = preSolution
		HideSolutionNode = FALSE
	EndGlobalSection
	GlobalSection(NestedProjects) = preSolution
		{86D841F5-3F3A-440C-A614-C3807BC34160} = {D82C56D6-B2CD-F611-9E31-04638F7EC30E}
		{FFFC3895-F164-4EDB-ABB4-FF59F2B5B6A1} = {D82C56D6-B2CD-F611-9E31-04638F7EC30E}
		{DB36E84B-93D7-49FB-9CE8-9A062065F333} = {D82C56D6-B2CD-F611-9E31-04638F7EC30E}
	EndGlobalSection
	GlobalSection(ExtensibilityGlobals) = postSolution
		SolutionGuid = {65D03295-2252-435F-B1B6-BE35DE6EF4F9}
	EndGlobalSection
EndGlobal
